
Microsoft Visual Studio Solution File, Format Version 12.00
# Visual Studio Version 16
VisualStudioVersion = 16.0.29326.143
MinimumVisualStudioVersion = 10.0.40219.1
Project("{FAE04EC0-301F-11D3-BF4B-00C04F79EFBC}") = "Tic-Tac-Toe", "Tic-Tac-Toe\Tic-Tac-Toe.csproj", "{F2F8F46E-CFF0-4BEA-8E87-B6B6F8805D85}"
EndProject
Project("{FAE04EC0-301F-11D3-BF4B-00C04F79EFBC}") = "test shits", "C:\Users\lubos\OneDrive\Работен плот\Kursowe\test shits\test shits.csproj", "{0283DDCC-169A-46BA-9F1D-A1FD1B195FC0}"
EndProject
Global
	GlobalSection(SolutionConfigurationPlatforms) = preSolution
		Debug|Any CPU = Debug|Any CPU
		Release|Any CPU = Release|Any CPU
	EndGlobalSection
	GlobalSection(ProjectConfigurationPlatforms) = postSolution
		{F2F8F46E-CFF0-4BEA-8E87-B6B6F8805D85}.Debug|Any CPU.ActiveCfg = Debug|Any CPU
		{F2F8F46E-CFF0-4BEA-8E87-B6B6F8805D85}.Debug|Any CPU.Build.0 = Debug|Any CPU
		{F2F8F46E-CFF0-4BEA-8E87-B6B6F8805D85}.Release|Any CPU.ActiveCfg = Release|Any CPU
		{F2F8F46E-CFF0-4BEA-8E87-B6B6F8805D85}.Release|Any CPU.Build.0 = Release|Any CPU
		{0283DDCC-169A-46BA-9F1D-A1FD1B195FC0}.Debug|Any CPU.ActiveCfg = Debug|Any CPU
		{0283DDCC-169A-46BA-9F1D-A1FD1B195FC0}.Debug|Any CPU.Build.0 = Debug|Any CPU
		{0283DDCC-169A-46BA-9F1D-A1FD1B195FC0}.Release|Any CPU.ActiveCfg = Release|Any CPU
		{0283DDCC-169A-46BA-9F1D-A1FD1B195FC0}.Release|Any CPU.Build.0 = Release|Any CPU
	EndGlobalSection
	GlobalSection(SolutionProperties) = preSolution
		HideSolutionNode = FALSE
	EndGlobalSection
	GlobalSection(ExtensibilityGlobals) = postSolution
		SolutionGuid = {81F54FCD-FDD8-49ED-9FB1-C155C873E413}
	EndGlobalSection
EndGlobal
